{
  "name": "assets",
  "lockfileVersion": 3,
  "requires": true,
  "packages": {
    "": {
      "dependencies": {
        "@launchscout/autocomplete-input": "^0.3.2",
        "phoenix-custom-event-hook": "^0.0.6"
      }
    },
    "../..": {
      "extraneous": true
    },
    "../../../simple-autocomplete": {
      "name": "@launchscout/autocomplete-input",
      "version": "0.3.2",
      "license": "ISC",
      "dependencies": {
        "@github/combobox-nav": "^3.0.1",
        "lit": "^3.1.4"
      },
      "devDependencies": {
        "@esm-bundle/chai": "^4.3.4-fix.0",
        "@open-wc/testing": "^4.0.0",
        "@web/test-runner": "^0.18.2",
        "chai-dom": "^1.12.0"
      }
    },
    "node_modules/@launchscout/autocomplete-input": {
      "resolved": "../../../simple-autocomplete",
      "link": true
    },
    "node_modules/ms": {
      "version": "2.1.3",
      "resolved": "https://registry.npmjs.org/ms/-/ms-2.1.3.tgz",
      "integrity": "sha512-6FlzubTLZG3J2a/NVCAleEhjzq5oxgHyaCU9yYXvcLsvoVaHJq/s5xXI6/XXP6tz7R9xAOtHnSO/tXtF3WRTlA=="
    },
    "node_modules/phoenix-custom-event-hook": {
      "version": "0.0.6",
      "resolved": "https://registry.npmjs.org/phoenix-custom-event-hook/-/phoenix-custom-event-hook-0.0.6.tgz",
      "integrity": "sha512-6rPab4rL3UwhV1En4ACvwbyG7Y3o0/I2yJDpI6BgHdt8ie/LaMG+OL3MjYt67kGybWYGC/EhyXdUsZGng3dqtA==",
      "dependencies": {
        "ms": "^2.0.0"
      }
    }
  }
}
